// !$*UTF8*$!
{
	archiveVersion = 1;
	classes = {
	};
	objectVersion = 55;
	objects = {

/* Begin PBXBuildFile section */
		6EF61EF5281718790068F5ED /* AppDelegate.swift in Sources */ = {isa = PBXBuildFile; fileRef = 6EF61EF4281718790068F5ED /* AppDelegate.swift */; };
		6EF61EF7281718790068F5ED /* SceneDelegate.swift in Sources */ = {isa = PBXBuildFile; fileRef = 6EF61EF6281718790068F5ED /* SceneDelegate.swift */; };
		6EF61EF9281718790068F5ED /* ViewController.swift in Sources */ = {isa = PBXBuildFile; fileRef = 6EF61EF8281718790068F5ED /* ViewController.swift */; };
		6EF61EFC281718790068F5ED /* Main.storyboard in Resources */ = {isa = PBXBuildFile; fileRef = 6EF61EFA281718790068F5ED /* Main.storyboard */; };
		6EF61EFE2817187A0068F5ED /* Assets.xcassets in Resources */ = {isa = PBXBuildFile; fileRef = 6EF61EFD2817187A0068F5ED /* Assets.xcassets */; };
		6EF61F012817187A0068F5ED /* LaunchScreen.storyboard in Resources */ = {isa = PBXBuildFile; fileRef = 6EF61EFF2817187A0068F5ED /* LaunchScreen.storyboard */; };
		6EF61F0B281718A20068F5ED /* LexActivator.xcframework in Frameworks */ = {isa = PBXBuildFile; fileRef = 6EF61F092817189F0068F5ED /* LexActivator.xcframework */; };
		6EF61F0C281718A20068F5ED /* LexActivator.xcframework in Embed Frameworks */ = {isa = PBXBuildFile; fileRef = 6EF61F092817189F0068F5ED /* LexActivator.xcframework */; settings = {ATTRIBUTES = (CodeSignOnCopy, RemoveHeadersOnCopy, ); }; };
		6EF61F0F28171A440068F5ED /* productdata.dat in Resources */ = {isa = PBXBuildFile; fileRef = 6EF61F0E28171A440068F5ED /* productdata.dat */; };
/* End PBXBuildFile section */

/* Begin PBXCopyFilesBuildPhase section */
		6EF61F0D281718A30068F5ED /* Embed Frameworks */ = {
			isa = PBXCopyFilesBuildPhase;
			buildActionMask = 2147483647;
			dstPath = "";
			dstSubfolderSpec = 10;
			files = (
				6EF61F0C281718A20068F5ED /* LexActivator.xcframework in Embed Frameworks */,
			);
			name = "Embed Frameworks";
			runOnlyForDeploymentPostprocessing = 0;
		};
/* End PBXCopyFilesBuildPhase section */

/* Begin PBXFileReference section */
		6EF61EF1281718790068F5ED /* Node Locked POC.app */ = {isa = PBXFileReference; explicitFileType = wrapper.application; includeInIndex = 0; path = "Node Locked POC.app"; sourceTree = BUILT_PRODUCTS_DIR; };
		6EF61EF4281718790068F5ED /* AppDelegate.swift */ = {isa = PBXFileReference; lastKnownFileType = sourcecode.swift; path = AppDelegate.swift; sourceTree = "<group>"; };
		6EF61EF6281718790068F5ED /* SceneDelegate.swift */ = {isa = PBXFileReference; lastKnownFileType = sourcecode.swift; path = SceneDelegate.swift; sourceTree = "<group>"; };
		6EF61EF8281718790068F5ED /* ViewController.swift */ = {isa = PBXFileReference; lastKnownFileType = sourcecode.swift; path = ViewController.swift; sourceTree = "<group>"; };
		6EF61EFB281718790068F5ED /* Base */ = {isa = PBXFileReference; lastKnownFileType = file.storyboard; name = Base; path = Base.lproj/Main.storyboard; sourceTree = "<group>"; };
		6EF61EFD2817187A0068F5ED /* Assets.xcassets */ = {isa = PBXFileReference; lastKnownFileType = folder.assetcatalog; path = Assets.xcassets; sourceTree = "<group>"; };
		6EF61F002817187A0068F5ED /* Base */ = {isa = PBXFileReference; lastKnownFileType = file.storyboard; name = Base; path = Base.lproj/LaunchScreen.storyboard; sourceTree = "<group>"; };
		6EF61F022817187A0068F5ED /* Info.plist */ = {isa = PBXFileReference; lastKnownFileType = text.plist.xml; path = Info.plist; sourceTree = "<group>"; };
		6EF61F092817189F0068F5ED /* LexActivator.xcframework */ = {isa = PBXFileReference; lastKnownFileType = wrapper.xcframework; path = LexActivator.xcframework; sourceTree = "<group>"; };
		6EF61F0E28171A440068F5ED /* productdata.dat */ = {isa = PBXFileReference; fileEncoding = 4; lastKnownFileType = text; path = productdata.dat; sourceTree = "<group>"; };
/* End PBXFileReference section */

/* Begin PBXFrameworksBuildPhase section */
		6EF61EEE281718790068F5ED /* Frameworks */ = {
			isa = PBXFrameworksBuildPhase;
			buildActionMask = 2147483647;
			files = (
				6EF61F0B281718A20068F5ED /* LexActivator.xcframework in Frameworks */,
			);
			runOnlyForDeploymentPostprocessing = 0;
		};
/* End PBXFrameworksBuildPhase section */

/* Begin PBXGroup section */
		6EF61EE8281718790068F5ED = {
			isa = PBXGroup;
			children = (
				6EF61F08281718920068F5ED /* Frameworks */,
				6EF61EF3281718790068F5ED /* Node Locked POC */,
				6EF61EF2281718790068F5ED /* Products */,
			);
			sourceTree = "<group>";
		};
		6EF61EF2281718790068F5ED /* Products */ = {
			isa = PBXGroup;
			children = (
				6EF61EF1281718790068F5ED /* Node Locked POC.app */,
			);
			name = Products;
			sourceTree = "<group>";
		};
		6EF61EF3281718790068F5ED /* Node Locked POC */ = {
			isa = PBXGroup;
			children = (
				6EF61F0E28171A440068F5ED /* productdata.dat */,
				6EF61EF4281718790068F5ED /* AppDelegate.swift */,
				6EF61EF6281718790068F5ED /* SceneDelegate.swift */,
				6EF61EF8281718790068F5ED /* ViewController.swift */,
				6EF61EFA281718790068F5ED /* Main.storyboard */,
				6EF61EFD2817187A0068F5ED /* Assets.xcassets */,
				6EF61EFF2817187A0068F5ED /* LaunchScreen.storyboard */,
				6EF61F022817187A0068F5ED /* Info.plist */,
			);
			path = "Node Locked POC";
			sourceTree = "<group>";
		};
		6EF61F08281718920068F5ED /* Frameworks */ = {
			isa = PBXGroup;
			children = (
				6EF61F092817189F0068F5ED /* LexActivator.xcframework */,
			);
			path = Frameworks;
			sourceTree = "<group>";
		};
/* End PBXGroup section */

/* Begin PBXNativeTarget section */
		6EF61EF0281718790068F5ED /* Node Locked POC */ = {
			isa = PBXNativeTarget;
			buildConfigurationList = 6EF61F052817187A0068F5ED /* Build configuration list for PBXNativeTarget "Node Locked POC" */;
			buildPhases = (
				6EF61EED281718790068F5ED /* Sources */,
				6EF61EEE281718790068F5ED /* Frameworks */,
				6EF61EEF281718790068F5ED /* Resources */,
				6EF61F0D281718A30068F5ED /* Embed Frameworks */,
			);
			buildRules = (
			);
			dependencies = (
			);
			name = "Node Locked POC";
			productName = "Node Locked POC";
			productReference = 6EF61EF1281718790068F5ED /* Node Locked POC.app */;
			productType = "com.apple.product-type.application";
		};
/* End PBXNativeTarget section */

/* Begin PBXProject section */
		6EF61EE9281718790068F5ED /* Project object */ = {
			isa = PBXProject;
			attributes = {
				BuildIndependentTargetsInParallel = 1;
				LastSwiftUpdateCheck = 1330;
				LastUpgradeCheck = 1330;
				TargetAttributes = {
					6EF61EF0281718790068F5ED = {
						CreatedOnToolsVersion = 13.3.1;
					};
				};
			};
			buildConfigurationList = 6EF61EEC281718790068F5ED /* Build configuration list for PBXProject "Node Locked POC" */;
			compatibilityVersion = "Xcode 13.0";
			developmentRegion = en;
			hasScannedForEncodings = 0;
			knownRegions = (
				en,
				Base,
			);
			mainGroup = 6EF61EE8281718790068F5ED;
			productRefGroup = 6EF61EF2281718790068F5ED /* Products */;
			projectDirPath = "";
			projectRoot = "";
			targets = (
				6EF61EF0281718790068F5ED /* Node Locked POC */,
			);
		};
/* End PBXProject section */

/* Begin PBXResourcesBuildPhase section */
		6EF61EEF281718790068F5ED /* Resources */ = {
			isa = PBXResourcesBuildPhase;
			buildActionMask = 2147483647;
			files = (
				6EF61F012817187A0068F5ED /* LaunchScreen.storyboard in Resources */,
				6EF61F0F28171A440068F5ED /* productdata.dat in Resources */,
				6EF61EFE2817187A0068F5ED /* Assets.xcassets in Resources */,
				6EF61EFC281718790068F5ED /* Main.storyboard in Resources */,
			);
			runOnlyForDeploymentPostprocessing = 0;
		};
/* End PBXResourcesBuildPhase section */

/* Begin PBXSourcesBuildPhase section */
		6EF61EED281718790068F5ED /* Sources */ = {
			isa = PBXSourcesBuildPhase;
			buildActionMask = 2147483647;
			files = (
				6EF61EF9281718790068F5ED /* ViewController.swift in Sources */,
				6EF61EF5281718790068F5ED /* AppDelegate.swift in Sources */,
				6EF61EF7281718790068F5ED /* SceneDelegate.swift in Sources */,
			);
			runOnlyForDeploymentPostprocessing = 0;
		};
/* End PBXSourcesBuildPhase section */

/* Begin PBXVariantGroup section */
		6EF61EFA281718790068F5ED /* Main.storyboard */ = {
			isa = PBXVariantGroup;
			children = (
				6EF61EFB281718790068F5ED /* Base */,
			);
			name = Main.storyboard;
			sourceTree = "<group>";
		};
		6EF61EFF2817187A0068F5ED /* LaunchScreen.storyboard */ = {
			isa = PBXVariantGroup;
			children = (
				6EF61F002817187A0068F5ED /* Base */,
			);
			name = LaunchScreen.storyboard;
			sourceTree = "<group>";
		};
/* End PBXVariantGroup section */

/* Begin XCBuildConfiguration section */
		6EF61F032817187A0068F5ED /* Debug */ = {
			isa = XCBuildConfiguration;
			buildSettings = {
				ALWAYS_SEARCH_USER_PATHS = NO;
				CLANG_ANALYZER_NONNULL = YES;
				CLANG_ANALYZER_NUMBER_OBJECT_CONVERSION = YES_AGGRESSIVE;
				CLANG_CXX_LANGUAGE_STANDARD = "gnu++17";
				CLANG_ENABLE_MODULES = YES;
				CLANG_ENABLE_OBJC_ARC = YES;
				CLANG_ENABLE_OBJC_WEAK = YES;
				CLANG_WARN_BLOCK_CAPTURE_AUTORELEASING = YES;
				CLANG_WARN_BOOL_CONVERSION = YES;
				CLANG_WARN_COMMA = YES;
				CLANG_WARN_CONSTANT_CONVERSION = YES;
				CLANG_WARN_DEPRECATED_OBJC_IMPLEMENTATIONS = YES;
				CLANG_WARN_DIRECT_OBJC_ISA_USAGE = YES_ERROR;
				CLANG_WARN_DOCUMENTATION_COMMENTS = YES;
				CLANG_WARN_EMPTY_BODY = YES;
				CLANG_WARN_ENUM_CONVERSION = YES;
				CLANG_WARN_INFINITE_RECURSION = YES;
				CLANG_WARN_INT_CONVERSION = YES;
				CLANG_WARN_NON_LITERAL_NULL_CONVERSION = YES;
				CLANG_WARN_OBJC_IMPLICIT_RETAIN_SELF = YES;
				CLANG_WARN_OBJC_LITERAL_CONVERSION = YES;
				CLANG_WARN_OBJC_ROOT_CLASS = YES_ERROR;
				CLANG_WARN_QUOTED_INCLUDE_IN_FRAMEWORK_HEADER = YES;
				CLANG_WARN_RANGE_LOOP_ANALYSIS = YES;
				CLANG_WARN_STRICT_PROTOTYPES = YES;
				CLANG_WARN_SUSPICIOUS_MOVE = YES;
				CLANG_WARN_UNGUARDED_AVAILABILITY = YES_AGGRESSIVE;
				CLANG_WARN_UNREACHABLE_CODE = YES;
				CLANG_WARN__DUPLICATE_METHOD_MATCH = YES;
				COPY_PHASE_STRIP = NO;
				DEBUG_INFORMATION_FORMAT = dwarf;
				ENABLE_STRICT_OBJC_MSGSEND = YES;
				ENABLE_TESTABILITY = YES;
				GCC_C_LANGUAGE_STANDARD = gnu11;
				GCC_DYNAMIC_NO_PIC = NO;
				GCC_NO_COMMON_BLOCKS = YES;
				GCC_OPTIMIZATION_LEVEL = 0;
				GCC_PREPROCESSOR_DEFINITIONS = (
					"DEBUG=1",
					"$(inherited)",
				);
				GCC_WARN_64_TO_32_BIT_CONVERSION = YES;
				GCC_WARN_ABOUT_RETURN_TYPE = YES_ERROR;
				GCC_WARN_UNDECLARED_SELECTOR = YES;
				GCC_WARN_UNINITIALIZED_AUTOS = YES_AGGRESSIVE;
				GCC_WARN_UNUSED_FUNCTION = YES;
				GCC_WARN_UNUSED_VARIABLE = YES;
				IPHONEOS_DEPLOYMENT_TARGET = 15.4;
				MTL_ENABLE_DEBUG_INFO = INCLUDE_SOURCE;
				MTL_FAST_MATH = YES;
				ONLY_ACTIVE_ARCH = YES;
				SDKROOT = iphoneos;
				SWIFT_ACTIVE_COMPILATION_CONDITIONS = DEBUG;
				SWIFT_OPTIMIZATION_LEVEL = "-Onone";
			};
			name = Debug;
		};
		6EF61F042817187A0068F5ED /* Release */ = {
			isa = XCBuildConfiguration;
			buildSettings = {
				ALWAYS_SEARCH_USER_PATHS = NO;
				CLANG_ANALYZER_NONNULL = YES;
				CLANG_ANALYZER_NUMBER_OBJECT_CONVERSION = YES_AGGRESSIVE;
				CLANG_CXX_LANGUAGE_STANDARD = "gnu++17";
				CLANG_ENABLE_MODULES = YES;
				CLANG_ENABLE_OBJC_ARC = YES;
				CLANG_ENABLE_OBJC_WEAK = YES;
				CLANG_WARN_BLOCK_CAPTURE_AUTORELEASING = YES;
				CLANG_WARN_BOOL_CONVERSION = YES;
				CLANG_WARN_COMMA = YES;
				CLANG_WARN_CONSTANT_CONVERSION = YES;
				CLANG_WARN_DEPRECATED_OBJC_IMPLEMENTATIONS = YES;
				CLANG_WARN_DIRECT_OBJC_ISA_USAGE = YES_ERROR;
				CLANG_WARN_DOCUMENTATION_COMMENTS = YES;
				CLANG_WARN_EMPTY_BODY = YES;
				CLANG_WARN_ENUM_CONVERSION = YES;
				CLANG_WARN_INFINITE_RECURSION = YES;
				CLANG_WARN_INT_CONVERSION = YES;
				CLANG_WARN_NON_LITERAL_NULL_CONVERSION = YES;
				CLANG_WARN_OBJC_IMPLICIT_RETAIN_SELF = YES;
				CLANG_WARN_OBJC_LITERAL_CONVERSION = YES;
				CLANG_WARN_OBJC_ROOT_CLASS = YES_ERROR;
				CLANG_WARN_QUOTED_INCLUDE_IN_FRAMEWORK_HEADER = YES;
				CLANG_WARN_RANGE_LOOP_ANALYSIS = YES;
				CLANG_WARN_STRICT_PROTOTYPES = YES;
				CLANG_WARN_SUSPICIOUS_MOVE = YES;
				CLANG_WARN_UNGUARDED_AVAILABILITY = YES_AGGRESSIVE;
				CLANG_WARN_UNREACHABLE_CODE = YES;
				CLANG_WARN__DUPLICATE_METHOD_MATCH = YES;
				COPY_PHASE_STRIP = NO;
				DEBUG_INFORMATION_FORMAT = "dwarf-with-dsym";
				ENABLE_NS_ASSERTIONS = NO;
				ENABLE_STRICT_OBJC_MSGSEND = YES;
				GCC_C_LANGUAGE_STANDARD = gnu11;
				GCC_NO_COMMON_BLOCKS = YES;
				GCC_WARN_64_TO_32_BIT_CONVERSION = YES;
				GCC_WARN_ABOUT_RETURN_TYPE = YES_ERROR;
				GCC_WARN_UNDECLARED_SELECTOR = YES;
				GCC_WARN_UNINITIALIZED_AUTOS = YES_AGGRESSIVE;
				GCC_WARN_UNUSED_FUNCTION = YES;
				GCC_WARN_UNUSED_VARIABLE = YES;
				IPHONEOS_DEPLOYMENT_TARGET = 15.4;
				MTL_ENABLE_DEBUG_INFO = NO;
				MTL_FAST_MATH = YES;
				SDKROOT = iphoneos;
				SWIFT_COMPILATION_MODE = wholemodule;
				SWIFT_OPTIMIZATION_LEVEL = "-O";
				VALIDATE_PRODUCT = YES;
			};
			name = Release;
		};
		6EF61F062817187A0068F5ED /* Debug */ = {
			isa = XCBuildConfiguration;
			buildSettings = {
				ASSETCATALOG_COMPILER_APPICON_NAME = AppIcon;
				ASSETCATALOG_COMPILER_GLOBAL_ACCENT_COLOR_NAME = AccentColor;
				CODE_SIGN_STYLE = Automatic;
				CURRENT_PROJECT_VERSION = 1;
				DEVELOPMENT_TEAM = N3336XPLAR;
				GENERATE_INFOPLIST_FILE = YES;
				INFOPLIST_FILE = "Node Locked POC/Info.plist";
				INFOPLIST_KEY_UIApplicationSupportsIndirectInputEvents = YES;
				INFOPLIST_KEY_UILaunchStoryboardName = LaunchScreen;
				INFOPLIST_KEY_UIMainStoryboardFile = Main;
				INFOPLIST_KEY_UISupportedInterfaceOrientations_iPad = "UIInterfaceOrientationPortrait UIInterfaceOrientationPortraitUpsideDown UIInterfaceOrientationLandscapeLeft UIInterfaceOrientationLandscapeRight";
				INFOPLIST_KEY_UISupportedInterfaceOrientations_iPhone = "UIInterfaceOrientationPortrait UIInterfaceOrientationLandscapeLeft UIInterfaceOrientationLandscapeRight";
				LD_RUNPATH_SEARCH_PATHS = (
					"$(inherited)",
					"@executable_path/Frameworks",
				);
				MARKETING_VERSION = 1.0;
				PRODUCT_BUNDLE_IDENTIFIER = "com.jonajo.Node-Locked-POC";
				PRODUCT_NAME = "$(TARGET_NAME)";
				SWIFT_EMIT_LOC_STRINGS = YES;
				SWIFT_VERSION = 5.0;
				TARGETED_DEVICE_FAMILY = "1,2";
			};
			name = Debug;
		};
		6EF61F072817187A0068F5ED /* Release */ = {
			isa = XCBuildConfiguration;
			buildSettings = {
				ASSETCATALOG_COMPILER_APPICON_NAME = AppIcon;
				ASSETCATALOG_COMPILER_GLOBAL_ACCENT_COLOR_NAME = AccentColor;
				CODE_SIGN_STYLE = Automatic;
				CURRENT_PROJECT_VERSION = 1;
				DEVELOPMENT_TEAM = N3336XPLAR;
				GENERATE_INFOPLIST_FILE = YES;
				INFOPLIST_FILE = "Node Locked POC/Info.plist";
				INFOPLIST_KEY_UIApplicationSupportsIndirectInputEvents = YES;
				INFOPLIST_KEY_UILaunchStoryboardName = LaunchScreen;
				INFOPLIST_KEY_UIMainStoryboardFile = Main;
				INFOPLIST_KEY_UISupportedInterfaceOrientations_iPad = "UIInterfaceOrientationPortrait UIInterfaceOrientationPortraitUpsideDown UIInterfaceOrientationLandscapeLeft UIInterfaceOrientationLandscapeRight";
				INFOPLIST_KEY_UISupportedInterfaceOrientations_iPhone = "UIInterfaceOrientationPortrait UIInterfaceOrientationLandscapeLeft UIInterfaceOrientationLandscapeRight";
				LD_RUNPATH_SEARCH_PATHS = (
					"$(inherited)",
					"@executable_path/Frameworks",
				);
				MARKETING_VERSION = 1.0;
				PRODUCT_BUNDLE_IDENTIFIER = "com.jonajo.Node-Locked-POC";
				PRODUCT_NAME = "$(TARGET_NAME)";
				SWIFT_EMIT_LOC_STRINGS = YES;
				SWIFT_VERSION = 5.0;
				TARGETED_DEVICE_FAMILY = "1,2";
			};
			name = Release;
		};
/* End XCBuildConfiguration section */

/* Begin XCConfigurationList section */
		6EF61EEC281718790068F5ED /* Build configuration list for PBXProject "Node Locked POC" */ = {
			isa = XCConfigurationList;
			buildConfigurations = (
				6EF61F032817187A0068F5ED /* Debug */,
				6EF61F042817187A0068F5ED /* Release */,
			);
			defaultConfigurationIsVisible = 0;
			defaultConfigurationName = Release;
		};
		6EF61F052817187A0068F5ED /* Build configuration list for PBXNativeTarget "Node Locked POC" */ = {
			isa = XCConfigurationList;
			buildConfigurations = (
				6EF61F062817187A0068F5ED /* Debug */,
				6EF61F072817187A0068F5ED /* Release */,
			);
			defaultConfigurationIsVisible = 0;
			defaultConfigurationName = Release;
		};
/* End XCConfigurationList section */
	};
	rootObject = 6EF61EE9281718790068F5ED /* Project object */;
}
